
Microsoft Visual Studio Solution File, Format Version 12.00
# Visual Studio Version 17
VisualStudioVersion = 17.8.34511.84
MinimumVisualStudioVersion = 10.0.40219.1
Project("{FAE04EC0-301F-11D3-BF4B-00C04F79EFBC}") = "HW1", "TMS_HW\HW1.csproj", "{3DA668C0-EB99-4064-9419-9A3448B287D2}"
EndProject
Project("{FAE04EC0-301F-11D3-BF4B-00C04F79EFBC}") = "HW1Library", "HW1Library\HW1Library.csproj", "{DDA28F09-A319-44BE-A87E-42EBD7F4926E}"
EndProject
Project("{FAE04EC0-301F-11D3-BF4B-00C04F79EFBC}") = "HW2", "HW2\HW2.csproj", "{77C4A82D-C1FA-414F-9A0F-0C9E75038591}"
EndProject
Project("{FAE04EC0-301F-11D3-BF4B-00C04F79EFBC}") = "HW2Hard", "HW2Hard\HW2Hard.csproj", "{23BD5D3E-A40B-4475-B9AC-D9FD5DA82277}"
EndProject
Project("{FAE04EC0-301F-11D3-BF4B-00C04F79EFBC}") = "HW3", "HW3\HW3.csproj", "{997FC3AF-9A98-498D-92E6-05856D6C5F93}"
EndProject
Project("{FAE04EC0-301F-11D3-BF4B-00C04F79EFBC}") = "HW3Hard", "HW3Hard\HW3Hard.csproj", "{A3CBD2D9-8F55-4778-AAAD-B1CA6B289CD4}"
EndProject
Project("{FAE04EC0-301F-11D3-BF4B-00C04F79EFBC}") = "HW4", "HW4\HW4.csproj", "{2BE0FE67-1F0E-4DB2-8A5F-CF69BCC3F312}"
EndProject
Project("{FAE04EC0-301F-11D3-BF4B-00C04F79EFBC}") = "HW4Hard", "HW4Hard\HW4Hard.csproj", "{7815A4E2-902E-4E12-8902-C81DCF80B613}"
EndProject
Project("{FAE04EC0-301F-11D3-BF4B-00C04F79EFBC}") = "HW7", "HW7\HW7.csproj", "{F3844A12-B355-4C07-8D98-6F1EDBCF6FC0}"
EndProject
Global
	GlobalSection(SolutionConfigurationPlatforms) = preSolution
		Debug|Any CPU = Debug|Any CPU
		Release|Any CPU = Release|Any CPU
	EndGlobalSection
	GlobalSection(ProjectConfigurationPlatforms) = postSolution
		{3DA668C0-EB99-4064-9419-9A3448B287D2}.Debug|Any CPU.ActiveCfg = Debug|Any CPU
		{3DA668C0-EB99-4064-9419-9A3448B287D2}.Debug|Any CPU.Build.0 = Debug|Any CPU
		{3DA668C0-EB99-4064-9419-9A3448B287D2}.Release|Any CPU.ActiveCfg = Release|Any CPU
		{3DA668C0-EB99-4064-9419-9A3448B287D2}.Release|Any CPU.Build.0 = Release|Any CPU
		{DDA28F09-A319-44BE-A87E-42EBD7F4926E}.Debug|Any CPU.ActiveCfg = Debug|Any CPU
		{DDA28F09-A319-44BE-A87E-42EBD7F4926E}.Debug|Any CPU.Build.0 = Debug|Any CPU
		{DDA28F09-A319-44BE-A87E-42EBD7F4926E}.Release|Any CPU.ActiveCfg = Release|Any CPU
		{DDA28F09-A319-44BE-A87E-42EBD7F4926E}.Release|Any CPU.Build.0 = Release|Any CPU
		{77C4A82D-C1FA-414F-9A0F-0C9E75038591}.Debug|Any CPU.ActiveCfg = Debug|Any CPU
		{77C4A82D-C1FA-414F-9A0F-0C9E75038591}.Debug|Any CPU.Build.0 = Debug|Any CPU
		{77C4A82D-C1FA-414F-9A0F-0C9E75038591}.Release|Any CPU.ActiveCfg = Release|Any CPU
		{77C4A82D-C1FA-414F-9A0F-0C9E75038591}.Release|Any CPU.Build.0 = Release|Any CPU
		{23BD5D3E-A40B-4475-B9AC-D9FD5DA82277}.Debug|Any CPU.ActiveCfg = Debug|Any CPU
		{23BD5D3E-A40B-4475-B9AC-D9FD5DA82277}.Debug|Any CPU.Build.0 = Debug|Any CPU
		{23BD5D3E-A40B-4475-B9AC-D9FD5DA82277}.Release|Any CPU.ActiveCfg = Release|Any CPU
		{23BD5D3E-A40B-4475-B9AC-D9FD5DA82277}.Release|Any CPU.Build.0 = Release|Any CPU
		{997FC3AF-9A98-498D-92E6-05856D6C5F93}.Debug|Any CPU.ActiveCfg = Debug|Any CPU
		{997FC3AF-9A98-498D-92E6-05856D6C5F93}.Debug|Any CPU.Build.0 = Debug|Any CPU
		{997FC3AF-9A98-498D-92E6-05856D6C5F93}.Release|Any CPU.ActiveCfg = Release|Any CPU
		{997FC3AF-9A98-498D-92E6-05856D6C5F93}.Release|Any CPU.Build.0 = Release|Any CPU
		{A3CBD2D9-8F55-4778-AAAD-B1CA6B289CD4}.Debug|Any CPU.ActiveCfg = Debug|Any CPU
		{A3CBD2D9-8F55-4778-AAAD-B1CA6B289CD4}.Debug|Any CPU.Build.0 = Debug|Any CPU
		{A3CBD2D9-8F55-4778-AAAD-B1CA6B289CD4}.Release|Any CPU.ActiveCfg = Release|Any CPU
		{A3CBD2D9-8F55-4778-AAAD-B1CA6B289CD4}.Release|Any CPU.Build.0 = Release|Any CPU
		{2BE0FE67-1F0E-4DB2-8A5F-CF69BCC3F312}.Debug|Any CPU.ActiveCfg = Debug|Any CPU
		{2BE0FE67-1F0E-4DB2-8A5F-CF69BCC3F312}.Debug|Any CPU.Build.0 = Debug|Any CPU
		{2BE0FE67-1F0E-4DB2-8A5F-CF69BCC3F312}.Release|Any CPU.ActiveCfg = Release|Any CPU
		{2BE0FE67-1F0E-4DB2-8A5F-CF69BCC3F312}.Release|Any CPU.Build.0 = Release|Any CPU
		{7815A4E2-902E-4E12-8902-C81DCF80B613}.Debug|Any CPU.ActiveCfg = Debug|Any CPU
		{7815A4E2-902E-4E12-8902-C81DCF80B613}.Debug|Any CPU.Build.0 = Debug|Any CPU
		{7815A4E2-902E-4E12-8902-C81DCF80B613}.Release|Any CPU.ActiveCfg = Release|Any CPU
		{7815A4E2-902E-4E12-8902-C81DCF80B613}.Release|Any CPU.Build.0 = Release|Any CPU
		{F3844A12-B355-4C07-8D98-6F1EDBCF6FC0}.Debug|Any CPU.ActiveCfg = Debug|Any CPU
		{F3844A12-B355-4C07-8D98-6F1EDBCF6FC0}.Debug|Any CPU.Build.0 = Debug|Any CPU
		{F3844A12-B355-4C07-8D98-6F1EDBCF6FC0}.Release|Any CPU.ActiveCfg = Release|Any CPU
		{F3844A12-B355-4C07-8D98-6F1EDBCF6FC0}.Release|Any CPU.Build.0 = Release|Any CPU
	EndGlobalSection
	GlobalSection(SolutionProperties) = preSolution
		HideSolutionNode = FALSE
	EndGlobalSection
	GlobalSection(ExtensibilityGlobals) = postSolution
		SolutionGuid = {548017F6-2E0E-4F4A-BDDB-A60AB2701D16}
	EndGlobalSection
EndGlobal
